
Microsoft Visual Studio Solution File, Format Version 11.00
# Visual Studio 2010
Project("{FAE04EC0-301F-11D3-BF4B-00C04F79EFBC}") = "BraintreeEncryption.Library", "BraintreeEncryption.Library\BraintreeEncryption.Library.csproj", "{1961E21A-790B-4F37-AFA9-F93D1D538B0D}"
EndProject
Project("{FAE04EC0-301F-11D3-BF4B-00C04F79EFBC}") = "BraintreeEncryption.Library.Tests", "BraintreeEncryption.Library.Tests\BraintreeEncryption.Library.Tests.csproj", "{5D857D1D-0F80-478C-BB4D-DF6F631240EB}"
EndProject
Global
	GlobalSection(SolutionConfigurationPlatforms) = preSolution
		Debug|Any CPU = Debug|Any CPU
		Release|Any CPU = Release|Any CPU
	EndGlobalSection
	GlobalSection(ProjectConfigurationPlatforms) = postSolution
		{1961E21A-790B-4F37-AFA9-F93D1D538B0D}.Debug|Any CPU.ActiveCfg = Debug|Any CPU
		{1961E21A-790B-4F37-AFA9-F93D1D538B0D}.Debug|Any CPU.Build.0 = Debug|Any CPU
		{1961E21A-790B-4F37-AFA9-F93D1D538B0D}.Release|Any CPU.ActiveCfg = Release|Any CPU
		{1961E21A-790B-4F37-AFA9-F93D1D538B0D}.Release|Any CPU.Build.0 = Release|Any CPU
		{5D857D1D-0F80-478C-BB4D-DF6F631240EB}.Debug|Any CPU.ActiveCfg = Debug|Any CPU
		{5D857D1D-0F80-478C-BB4D-DF6F631240EB}.Debug|Any CPU.Build.0 = Debug|Any CPU
		{5D857D1D-0F80-478C-BB4D-DF6F631240EB}.Debug|Any CPU.Deploy.0 = Debug|Any CPU
		{5D857D1D-0F80-478C-BB4D-DF6F631240EB}.Release|Any CPU.ActiveCfg = Release|Any CPU
		{5D857D1D-0F80-478C-BB4D-DF6F631240EB}.Release|Any CPU.Build.0 = Release|Any CPU
		{5D857D1D-0F80-478C-BB4D-DF6F631240EB}.Release|Any CPU.Deploy.0 = Release|Any CPU
	EndGlobalSection
	GlobalSection(SolutionProperties) = preSolution
		HideSolutionNode = FALSE
	EndGlobalSection
EndGlobal
